
Microsoft Visual Studio Solution File, Format Version 12.00
# Visual Studio Version 17
VisualStudioVersion = 17.0.31903.59
MinimumVisualStudioVersion = 10.0.40219.1
Project("{9A19103F-16F7-4668-BE54-9A1E7A4F7556}") = "AdventOfCode2021", "AdventOfCode2021\AdventOfCode2021.csproj", "{92F2764B-8CAE-400D-B305-5111C5C41143}"
EndProject
Project("{FAE04EC0-301F-11D3-BF4B-00C04F79EFBC}") = "AdventOfCode2021.Tests", "AdventOfCode2021.Tests\AdventOfCode2021.Tests.csproj", "{3007E2B8-455E-4341-9D10-0CA0108D077E}"
EndProject
Global
	GlobalSection(SolutionConfigurationPlatforms) = preSolution
		Debug|Any CPU = Debug|Any CPU
		Release|Any CPU = Release|Any CPU
	EndGlobalSection
	GlobalSection(ProjectConfigurationPlatforms) = postSolution
		{92F2764B-8CAE-400D-B305-5111C5C41143}.Debug|Any CPU.ActiveCfg = Debug|Any CPU
		{92F2764B-8CAE-400D-B305-5111C5C41143}.Debug|Any CPU.Build.0 = Debug|Any CPU
		{92F2764B-8CAE-400D-B305-5111C5C41143}.Release|Any CPU.ActiveCfg = Release|Any CPU
		{92F2764B-8CAE-400D-B305-5111C5C41143}.Release|Any CPU.Build.0 = Release|Any CPU
		{3007E2B8-455E-4341-9D10-0CA0108D077E}.Debug|Any CPU.ActiveCfg = Debug|Any CPU
		{3007E2B8-455E-4341-9D10-0CA0108D077E}.Debug|Any CPU.Build.0 = Debug|Any CPU
		{3007E2B8-455E-4341-9D10-0CA0108D077E}.Release|Any CPU.ActiveCfg = Release|Any CPU
		{3007E2B8-455E-4341-9D10-0CA0108D077E}.Release|Any CPU.Build.0 = Release|Any CPU
	EndGlobalSection
	GlobalSection(SolutionProperties) = preSolution
		HideSolutionNode = FALSE
	EndGlobalSection
	GlobalSection(ExtensibilityGlobals) = postSolution
		SolutionGuid = {DAE093CC-08CB-4D21-9AE8-FF9BA9726243}
	EndGlobalSection
EndGlobal
